
Microsoft Visual Studio Solution File, Format Version 12.00
# Visual Studio Version 16
VisualStudioVersion = 16.0.28922.388
MinimumVisualStudioVersion = 10.0.40219.1
Project("{FAE04EC0-301F-11D3-BF4B-00C04F79EFBC}") = "PruebaDLL2", "PruebaDLL2\PruebaDLL2.csproj", "{4E527C0E-7E16-4493-A13D-263061248089}"
EndProject
Global
	GlobalSection(SolutionConfigurationPlatforms) = preSolution
		Debug|Any CPU = Debug|Any CPU
		Release|Any CPU = Release|Any CPU
	EndGlobalSection
	GlobalSection(ProjectConfigurationPlatforms) = postSolution
		{4E527C0E-7E16-4493-A13D-263061248089}.Debug|Any CPU.ActiveCfg = Debug|Any CPU
		{4E527C0E-7E16-4493-A13D-263061248089}.Debug|Any CPU.Build.0 = Debug|Any CPU
		{4E527C0E-7E16-4493-A13D-263061248089}.Release|Any CPU.ActiveCfg = Release|Any CPU
		{4E527C0E-7E16-4493-A13D-263061248089}.Release|Any CPU.Build.0 = Release|Any CPU
	EndGlobalSection
	GlobalSection(SolutionProperties) = preSolution
		HideSolutionNode = FALSE
	EndGlobalSection
	GlobalSection(ExtensibilityGlobals) = postSolution
		SolutionGuid = {37B67D4F-AF15-4036-A38A-3435BDF4D603}
	EndGlobalSection
EndGlobal
